
Microsoft Visual Studio Solution File, Format Version 12.00
# Visual Studio Version 17
VisualStudioVersion = 17.7.34024.191
MinimumVisualStudioVersion = 10.0.40219.1
Project("{FAE04EC0-301F-11D3-BF4B-00C04F79EFBC}") = "Presentacion", "parcial\Presentacion.csproj", "{FFEEDBBF-F337-42BA-87BF-FAC28D8E763A}"
EndProject
Project("{FAE04EC0-301F-11D3-BF4B-00C04F79EFBC}") = "BLL", "BLL\BLL.csproj", "{F2539157-E987-4A62-875A-BCDD58C20939}"
EndProject
Project("{FAE04EC0-301F-11D3-BF4B-00C04F79EFBC}") = "ENTITY", "ENTITY\ENTITY.csproj", "{91577A06-1245-48FD-9B4F-12987291A1CC}"
EndProject
Project("{FAE04EC0-301F-11D3-BF4B-00C04F79EFBC}") = "DAL", "DAL\DAL.csproj", "{F1581726-0FB2-4B75-B312-89D5176E465F}"
EndProject
Global
	GlobalSection(SolutionConfigurationPlatforms) = preSolution
		Debug|Any CPU = Debug|Any CPU
		Release|Any CPU = Release|Any CPU
	EndGlobalSection
	GlobalSection(ProjectConfigurationPlatforms) = postSolution
		{FFEEDBBF-F337-42BA-87BF-FAC28D8E763A}.Debug|Any CPU.ActiveCfg = Debug|Any CPU
		{FFEEDBBF-F337-42BA-87BF-FAC28D8E763A}.Debug|Any CPU.Build.0 = Debug|Any CPU
		{FFEEDBBF-F337-42BA-87BF-FAC28D8E763A}.Release|Any CPU.ActiveCfg = Release|Any CPU
		{FFEEDBBF-F337-42BA-87BF-FAC28D8E763A}.Release|Any CPU.Build.0 = Release|Any CPU
		{F2539157-E987-4A62-875A-BCDD58C20939}.Debug|Any CPU.ActiveCfg = Debug|Any CPU
		{F2539157-E987-4A62-875A-BCDD58C20939}.Debug|Any CPU.Build.0 = Debug|Any CPU
		{F2539157-E987-4A62-875A-BCDD58C20939}.Release|Any CPU.ActiveCfg = Release|Any CPU
		{F2539157-E987-4A62-875A-BCDD58C20939}.Release|Any CPU.Build.0 = Release|Any CPU
		{91577A06-1245-48FD-9B4F-12987291A1CC}.Debug|Any CPU.ActiveCfg = Debug|Any CPU
		{91577A06-1245-48FD-9B4F-12987291A1CC}.Debug|Any CPU.Build.0 = Debug|Any CPU
		{91577A06-1245-48FD-9B4F-12987291A1CC}.Release|Any CPU.ActiveCfg = Release|Any CPU
		{91577A06-1245-48FD-9B4F-12987291A1CC}.Release|Any CPU.Build.0 = Release|Any CPU
		{F1581726-0FB2-4B75-B312-89D5176E465F}.Debug|Any CPU.ActiveCfg = Debug|Any CPU
		{F1581726-0FB2-4B75-B312-89D5176E465F}.Debug|Any CPU.Build.0 = Debug|Any CPU
		{F1581726-0FB2-4B75-B312-89D5176E465F}.Release|Any CPU.ActiveCfg = Release|Any CPU
		{F1581726-0FB2-4B75-B312-89D5176E465F}.Release|Any CPU.Build.0 = Release|Any CPU
	EndGlobalSection
	GlobalSection(SolutionProperties) = preSolution
		HideSolutionNode = FALSE
	EndGlobalSection
	GlobalSection(ExtensibilityGlobals) = postSolution
		SolutionGuid = {0E356518-1273-4943-B0D0-DCC7E6271E7A}
	EndGlobalSection
EndGlobal
